// !$*UTF8*$!
{
	archiveVersion = 1;
	classes = {
	};
	objectVersion = 46;
	objects = {

/* Begin PBXBuildFile section */
		953438401B01EF74001859D7 /* YNItemEditToolbar.xib in Resources */ = {isa = PBXBuildFile; fileRef = 9534383F1B01EF74001859D7 /* YNItemEditToolbar.xib */; };
		9534384A1B04D0B1001859D7 /* YNItemEdiToolbar.m in Sources */ = {isa = PBXBuildFile; fileRef = 953438481B04D0B1001859D7 /* YNItemEdiToolbar.m */; };
		955CF4D61AF9B9CC00C8BBE6 /* YNBaseViewController.m in Sources */ = {isa = PBXBuildFile; fileRef = 955CF4D51AF9B9CC00C8BBE6 /* YNBaseViewController.m */; };
		955CF4DF1AF9C06D00C8BBE6 /* RDVTabBar.m in Sources */ = {isa = PBXBuildFile; fileRef = 955CF4DA1AF9C06D00C8BBE6 /* RDVTabBar.m */; };
		955CF4E01AF9C06D00C8BBE6 /* RDVTabBarController.m in Sources */ = {isa = PBXBuildFile; fileRef = 955CF4DC1AF9C06D00C8BBE6 /* RDVTabBarController.m */; };
		955CF4E11AF9C06D00C8BBE6 /* RDVTabBarItem.m in Sources */ = {isa = PBXBuildFile; fileRef = 955CF4DE1AF9C06D00C8BBE6 /* RDVTabBarItem.m */; };
		955CF4E51AF9C0AC00C8BBE6 /* YNRootTabViewController.m in Sources */ = {isa = PBXBuildFile; fileRef = 955CF4E41AF9C0AC00C8BBE6 /* YNRootTabViewController.m */; };
		955CF4E81AF9C21B00C8BBE6 /* YNItemsViewController.m in Sources */ = {isa = PBXBuildFile; fileRef = 955CF4E71AF9C21B00C8BBE6 /* YNItemsViewController.m */; };
		955CF4EE1AF9C2B400C8BBE6 /* YNTagsViewController.m in Sources */ = {isa = PBXBuildFile; fileRef = 955CF4ED1AF9C2B400C8BBE6 /* YNTagsViewController.m */; };
		955CF4F11AF9C2CA00C8BBE6 /* YNCollectionsViewController.m in Sources */ = {isa = PBXBuildFile; fileRef = 955CF4F01AF9C2CA00C8BBE6 /* YNCollectionsViewController.m */; };
		955CF4F41AF9C2DF00C8BBE6 /* YNSettingsViewController.m in Sources */ = {isa = PBXBuildFile; fileRef = 955CF4F31AF9C2DF00C8BBE6 /* YNSettingsViewController.m */; };
		955CF4F71AFA038C00C8BBE6 /* YNBaseNavigationController.m in Sources */ = {isa = PBXBuildFile; fileRef = 955CF4F61AFA038C00C8BBE6 /* YNBaseNavigationController.m */; };
		955CF4FC1AFA107500C8BBE6 /* UINavigationController+StatusBar.m in Sources */ = {isa = PBXBuildFile; fileRef = 955CF4FB1AFA107500C8BBE6 /* UINavigationController+StatusBar.m */; };
		956768741B09A20800426993 /* YNItemDetailViewController.m in Sources */ = {isa = PBXBuildFile; fileRef = 956768731B09A20800426993 /* YNItemDetailViewController.m */; };
		957DC3121AF99FF600DA8D6A /* main.m in Sources */ = {isa = PBXBuildFile; fileRef = 957DC3111AF99FF600DA8D6A /* main.m */; };
		957DC3151AF99FF600DA8D6A /* AppDelegate.m in Sources */ = {isa = PBXBuildFile; fileRef = 957DC3141AF99FF600DA8D6A /* AppDelegate.m */; };
		957DC31D1AF99FF600DA8D6A /* Images.xcassets in Resources */ = {isa = PBXBuildFile; fileRef = 957DC31C1AF99FF600DA8D6A /* Images.xcassets */; };
		957DC3201AF99FF600DA8D6A /* LaunchScreen.xib in Resources */ = {isa = PBXBuildFile; fileRef = 957DC31E1AF99FF600DA8D6A /* LaunchScreen.xib */; };
		957DC32C1AF99FF600DA8D6A /* YoNoteTests.m in Sources */ = {isa = PBXBuildFile; fileRef = 957DC32B1AF99FF600DA8D6A /* YoNoteTests.m */; };
		95863CAA1AFDA83C00C31E2D /* NSLayoutConstraint+PureLayout.m in Sources */ = {isa = PBXBuildFile; fileRef = 95863CA41AFDA83C00C31E2D /* NSLayoutConstraint+PureLayout.m */; };
		95863CAB1AFDA83C00C31E2D /* NSArray+PureLayout.m in Sources */ = {isa = PBXBuildFile; fileRef = 95863CA61AFDA83C00C31E2D /* NSArray+PureLayout.m */; };
		95863CAC1AFDA83C00C31E2D /* ALView+PureLayout.m in Sources */ = {isa = PBXBuildFile; fileRef = 95863CA81AFDA83C00C31E2D /* ALView+PureLayout.m */; };
		95895D211AFB04E500BE7D2E /* YNItemCell.m in Sources */ = {isa = PBXBuildFile; fileRef = 95895D201AFB04E500BE7D2E /* YNItemCell.m */; };
		95895D271AFB0F6100BE7D2E /* YNImageStore.m in Sources */ = {isa = PBXBuildFile; fileRef = 95895D261AFB0F6100BE7D2E /* YNImageStore.m */; };
		958B29801AFEE9CC00815154 /* FXBlurView.m in Sources */ = {isa = PBXBuildFile; fileRef = 958B297F1AFEE9CC00815154 /* FXBlurView.m */; };
		95A6E55D1AFDBBC500071561 /* YNCollectionCell.m in Sources */ = {isa = PBXBuildFile; fileRef = 95A6E55C1AFDBBC500071561 /* YNCollectionCell.m */; };
		95AEE8671B06CD0E00C477EB /* YNItemSearchViewController.m in Sources */ = {isa = PBXBuildFile; fileRef = 95AEE8661B06CD0E00C477EB /* YNItemSearchViewController.m */; };
		95AEE8781B072A1B00C477EB /* HSDatePickerViewController.m in Sources */ = {isa = PBXBuildFile; fileRef = 95AEE8761B072A1B00C477EB /* HSDatePickerViewController.m */; };
		95AEE8791B072A1B00C477EB /* HSDatePickerViewController.xib in Resources */ = {isa = PBXBuildFile; fileRef = 95AEE8771B072A1B00C477EB /* HSDatePickerViewController.xib */; };
		95E5D6401B0C7CC500E75339 /* YNItemDetailViewController.xib in Resources */ = {isa = PBXBuildFile; fileRef = 95E5D63F1B0C7CC500E75339 /* YNItemDetailViewController.xib */; };
		95EC8A911AFF69CE00C68D2B /* YNItemEditViewController.m in Sources */ = {isa = PBXBuildFile; fileRef = 95EC8A901AFF69CE00C68D2B /* YNItemEditViewController.m */; };
/* End PBXBuildFile section */

/* Begin PBXContainerItemProxy section */
		957DC3261AF99FF600DA8D6A /* PBXContainerItemProxy */ = {
			isa = PBXContainerItemProxy;
			containerPortal = 957DC3041AF99FF600DA8D6A /* Project object */;
			proxyType = 1;
			remoteGlobalIDString = 957DC30B1AF99FF600DA8D6A;
			remoteInfo = YoNote;
		};
/* End PBXContainerItemProxy section */

/* Begin PBXFileReference section */
		9534383F1B01EF74001859D7 /* YNItemEditToolbar.xib */ = {isa = PBXFileReference; fileEncoding = 4; lastKnownFileType = file.xib; path = YNItemEditToolbar.xib; sourceTree = "<group>"; };
		953438481B04D0B1001859D7 /* YNItemEdiToolbar.m */ = {isa = PBXFileReference; fileEncoding = 4; lastKnownFileType = sourcecode.c.objc; name = YNItemEdiToolbar.m; path = Views/YNItemEdiToolbar.m; sourceTree = "<group>"; };
		953438491B04D0B1001859D7 /* YNItemEditToolbar.h */ = {isa = PBXFileReference; fileEncoding = 4; lastKnownFileType = sourcecode.c.h; name = YNItemEditToolbar.h; path = Views/YNItemEditToolbar.h; sourceTree = "<group>"; };
		955CF4D41AF9B9CC00C8BBE6 /* YNBaseViewController.h */ = {isa = PBXFileReference; fileEncoding = 4; lastKnownFileType = sourcecode.c.h; name = YNBaseViewController.h; path = Controllers/YNBaseViewController.h; sourceTree = "<group>"; };
		955CF4D51AF9B9CC00C8BBE6 /* YNBaseViewController.m */ = {isa = PBXFileReference; fileEncoding = 4; lastKnownFileType = sourcecode.c.objc; name = YNBaseViewController.m; path = Controllers/YNBaseViewController.m; sourceTree = "<group>"; };
		955CF4D91AF9C06D00C8BBE6 /* RDVTabBar.h */ = {isa = PBXFileReference; fileEncoding = 4; lastKnownFileType = sourcecode.c.h; name = RDVTabBar.h; path = Vendor/RDVTabBarController/RDVTabBar.h; sourceTree = "<group>"; };
		955CF4DA1AF9C06D00C8BBE6 /* RDVTabBar.m */ = {isa = PBXFileReference; fileEncoding = 4; lastKnownFileType = sourcecode.c.objc; name = RDVTabBar.m; path = Vendor/RDVTabBarController/RDVTabBar.m; sourceTree = "<group>"; };
		955CF4DB1AF9C06D00C8BBE6 /* RDVTabBarController.h */ = {isa = PBXFileReference; fileEncoding = 4; lastKnownFileType = sourcecode.c.h; name = RDVTabBarController.h; path = Vendor/RDVTabBarController/RDVTabBarController.h; sourceTree = "<group>"; };
		955CF4DC1AF9C06D00C8BBE6 /* RDVTabBarController.m */ = {isa = PBXFileReference; fileEncoding = 4; lastKnownFileType = sourcecode.c.objc; name = RDVTabBarController.m; path = Vendor/RDVTabBarController/RDVTabBarController.m; sourceTree = "<group>"; };
		955CF4DD1AF9C06D00C8BBE6 /* RDVTabBarItem.h */ = {isa = PBXFileReference; fileEncoding = 4; lastKnownFileType = sourcecode.c.h; name = RDVTabBarItem.h; path = Vendor/RDVTabBarController/RDVTabBarItem.h; sourceTree = "<group>"; };
		955CF4DE1AF9C06D00C8BBE6 /* RDVTabBarItem.m */ = {isa = PBXFileReference; fileEncoding = 4; lastKnownFileType = sourcecode.c.objc; name = RDVTabBarItem.m; path = Vendor/RDVTabBarController/RDVTabBarItem.m; sourceTree = "<group>"; };
		955CF4E31AF9C0AC00C8BBE6 /* YNRootTabViewController.h */ = {isa = PBXFileReference; fileEncoding = 4; lastKnownFileType = sourcecode.c.h; name = YNRootTabViewController.h; path = Controllers/YNRootTabViewController.h; sourceTree = "<group>"; };
		955CF4E41AF9C0AC00C8BBE6 /* YNRootTabViewController.m */ = {isa = PBXFileReference; fileEncoding = 4; lastKnownFileType = sourcecode.c.objc; name = YNRootTabViewController.m; path = Controllers/YNRootTabViewController.m; sourceTree = "<group>"; };
		955CF4E61AF9C21B00C8BBE6 /* YNItemsViewController.h */ = {isa = PBXFileReference; fileEncoding = 4; lastKnownFileType = sourcecode.c.h; name = YNItemsViewController.h; path = Controllers/YNItemsViewController.h; sourceTree = "<group>"; };
		955CF4E71AF9C21B00C8BBE6 /* YNItemsViewController.m */ = {isa = PBXFileReference; fileEncoding = 4; lastKnownFileType = sourcecode.c.objc; name = YNItemsViewController.m; path = Controllers/YNItemsViewController.m; sourceTree = "<group>"; };
		955CF4EC1AF9C2B400C8BBE6 /* YNTagsViewController.h */ = {isa = PBXFileReference; fileEncoding = 4; lastKnownFileType = sourcecode.c.h; name = YNTagsViewController.h; path = Controllers/YNTagsViewController.h; sourceTree = "<group>"; };
		955CF4ED1AF9C2B400C8BBE6 /* YNTagsViewController.m */ = {isa = PBXFileReference; fileEncoding = 4; lastKnownFileType = sourcecode.c.objc; name = YNTagsViewController.m; path = Controllers/YNTagsViewController.m; sourceTree = "<group>"; };
		955CF4EF1AF9C2CA00C8BBE6 /* YNCollectionsViewController.h */ = {isa = PBXFileReference; fileEncoding = 4; lastKnownFileType = sourcecode.c.h; name = YNCollectionsViewController.h; path = Controllers/YNCollectionsViewController.h; sourceTree = "<group>"; };
		955CF4F01AF9C2CA00C8BBE6 /* YNCollectionsViewController.m */ = {isa = PBXFileReference; fileEncoding = 4; lastKnownFileType = sourcecode.c.objc; name = YNCollectionsViewController.m; path = Controllers/YNCollectionsViewController.m; sourceTree = "<group>"; };
		955CF4F21AF9C2DF00C8BBE6 /* YNSettingsViewController.h */ = {isa = PBXFileReference; fileEncoding = 4; lastKnownFileType = sourcecode.c.h; name = YNSettingsViewController.h; path = Controllers/YNSettingsViewController.h; sourceTree = "<group>"; };
		955CF4F31AF9C2DF00C8BBE6 /* YNSettingsViewController.m */ = {isa = PBXFileReference; fileEncoding = 4; lastKnownFileType = sourcecode.c.objc; name = YNSettingsViewController.m; path = Controllers/YNSettingsViewController.m; sourceTree = "<group>"; };
		955CF4F51AFA038C00C8BBE6 /* YNBaseNavigationController.h */ = {isa = PBXFileReference; fileEncoding = 4; lastKnownFileType = sourcecode.c.h; name = YNBaseNavigationController.h; path = Controllers/YNBaseNavigationController.h; sourceTree = "<group>"; };
		955CF4F61AFA038C00C8BBE6 /* YNBaseNavigationController.m */ = {isa = PBXFileReference; fileEncoding = 4; lastKnownFileType = sourcecode.c.objc; name = YNBaseNavigationController.m; path = Controllers/YNBaseNavigationController.m; sourceTree = "<group>"; };
		955CF4FA1AFA107500C8BBE6 /* UINavigationController+StatusBar.h */ = {isa = PBXFileReference; fileEncoding = 4; lastKnownFileType = sourcecode.c.h; name = "UINavigationController+StatusBar.h"; path = "Util/Category/UINavigationController+StatusBar.h"; sourceTree = "<group>"; };
		955CF4FB1AFA107500C8BBE6 /* UINavigationController+StatusBar.m */ = {isa = PBXFileReference; fileEncoding = 4; lastKnownFileType = sourcecode.c.objc; name = "UINavigationController+StatusBar.m"; path = "Util/Category/UINavigationController+StatusBar.m"; sourceTree = "<group>"; };
		956768721B09A20800426993 /* YNItemDetailViewController.h */ = {isa = PBXFileReference; fileEncoding = 4; lastKnownFileType = sourcecode.c.h; name = YNItemDetailViewController.h; path = Controllers/YNItemDetailViewController.h; sourceTree = "<group>"; };
		956768731B09A20800426993 /* YNItemDetailViewController.m */ = {isa = PBXFileReference; fileEncoding = 4; lastKnownFileType = sourcecode.c.objc; name = YNItemDetailViewController.m; path = Controllers/YNItemDetailViewController.m; sourceTree = "<group>"; };
		957DC30C1AF99FF600DA8D6A /* YoNote.app */ = {isa = PBXFileReference; explicitFileType = wrapper.application; includeInIndex = 0; path = YoNote.app; sourceTree = BUILT_PRODUCTS_DIR; };
		957DC3101AF99FF600DA8D6A /* Info.plist */ = {isa = PBXFileReference; lastKnownFileType = text.plist.xml; path = Info.plist; sourceTree = "<group>"; };
		957DC3111AF99FF600DA8D6A /* main.m */ = {isa = PBXFileReference; lastKnownFileType = sourcecode.c.objc; path = main.m; sourceTree = "<group>"; };
		957DC3131AF99FF600DA8D6A /* AppDelegate.h */ = {isa = PBXFileReference; lastKnownFileType = sourcecode.c.h; path = AppDelegate.h; sourceTree = "<group>"; };
		957DC3141AF99FF600DA8D6A /* AppDelegate.m */ = {isa = PBXFileReference; lastKnownFileType = sourcecode.c.objc; path = AppDelegate.m; sourceTree = "<group>"; };
		957DC31C1AF99FF600DA8D6A /* Images.xcassets */ = {isa = PBXFileReference; lastKnownFileType = folder.assetcatalog; path = Images.xcassets; sourceTree = "<group>"; };
		957DC31F1AF99FF600DA8D6A /* Base */ = {isa = PBXFileReference; lastKnownFileType = file.xib; name = Base; path = Base.lproj/LaunchScreen.xib; sourceTree = "<group>"; };
		957DC3251AF99FF600DA8D6A /* YoNoteTests.xctest */ = {isa = PBXFileReference; explicitFileType = wrapper.cfbundle; includeInIndex = 0; path = YoNoteTests.xctest; sourceTree = BUILT_PRODUCTS_DIR; };
		957DC32A1AF99FF600DA8D6A /* Info.plist */ = {isa = PBXFileReference; lastKnownFileType = text.plist.xml; path = Info.plist; sourceTree = "<group>"; };
		957DC32B1AF99FF600DA8D6A /* YoNoteTests.m */ = {isa = PBXFileReference; lastKnownFileType = sourcecode.c.objc; path = YoNoteTests.m; sourceTree = "<group>"; };
		957DC3351AF9A25B00DA8D6A /* YoNote-Prefix.pch */ = {isa = PBXFileReference; fileEncoding = 4; lastKnownFileType = sourcecode.c.h; path = "YoNote-Prefix.pch"; sourceTree = "<group>"; };
		95863CA11AFDA83C00C31E2D /* PureLayoutDefines.h */ = {isa = PBXFileReference; fileEncoding = 4; lastKnownFileType = sourcecode.c.h; name = PureLayoutDefines.h; path = Vendor/PureLayout/PureLayoutDefines.h; sourceTree = "<group>"; };
		95863CA21AFDA83C00C31E2D /* PureLayout+Internal.h */ = {isa = PBXFileReference; fileEncoding = 4; lastKnownFileType = sourcecode.c.h; name = "PureLayout+Internal.h"; path = "Vendor/PureLayout/PureLayout+Internal.h"; sourceTree = "<group>"; };
		95863CA31AFDA83C00C31E2D /* PureLayout.h */ = {isa = PBXFileReference; fileEncoding = 4; lastKnownFileType = sourcecode.c.h; name = PureLayout.h; path = Vendor/PureLayout/PureLayout.h; sourceTree = "<group>"; };
		95863CA41AFDA83C00C31E2D /* NSLayoutConstraint+PureLayout.m */ = {isa = PBXFileReference; fileEncoding = 4; lastKnownFileType = sourcecode.c.objc; name = "NSLayoutConstraint+PureLayout.m"; path = "Vendor/PureLayout/NSLayoutConstraint+PureLayout.m"; sourceTree = "<group>"; };
		95863CA51AFDA83C00C31E2D /* NSLayoutConstraint+PureLayout.h */ = {isa = PBXFileReference; fileEncoding = 4; lastKnownFileType = sourcecode.c.h; name = "NSLayoutConstraint+PureLayout.h"; path = "Vendor/PureLayout/NSLayoutConstraint+PureLayout.h"; sourceTree = "<group>"; };
		95863CA61AFDA83C00C31E2D /* NSArray+PureLayout.m */ = {isa = PBXFileReference; fileEncoding = 4; lastKnownFileType = sourcecode.c.objc; name = "NSArray+PureLayout.m"; path = "Vendor/PureLayout/NSArray+PureLayout.m"; sourceTree = "<group>"; };
		95863CA71AFDA83C00C31E2D /* NSArray+PureLayout.h */ = {isa = PBXFileReference; fileEncoding = 4; lastKnownFileType = sourcecode.c.h; name = "NSArray+PureLayout.h"; path = "Vendor/PureLayout/NSArray+PureLayout.h"; sourceTree = "<group>"; };
		95863CA81AFDA83C00C31E2D /* ALView+PureLayout.m */ = {isa = PBXFileReference; fileEncoding = 4; lastKnownFileType = sourcecode.c.objc; name = "ALView+PureLayout.m"; path = "Vendor/PureLayout/ALView+PureLayout.m"; sourceTree = "<group>"; };
		95863CA91AFDA83C00C31E2D /* ALView+PureLayout.h */ = {isa = PBXFileReference; fileEncoding = 4; lastKnownFileType = sourcecode.c.h; name = "ALView+PureLayout.h"; path = "Vendor/PureLayout/ALView+PureLayout.h"; sourceTree = "<group>"; };
		95895D1F1AFB04E500BE7D2E /* YNItemCell.h */ = {isa = PBXFileReference; fileEncoding = 4; lastKnownFileType = sourcecode.c.h; name = YNItemCell.h; path = Views/YNItemCell.h; sourceTree = "<group>"; };
		95895D201AFB04E500BE7D2E /* YNItemCell.m */ = {isa = PBXFileReference; fileEncoding = 4; lastKnownFileType = sourcecode.c.objc; name = YNItemCell.m; path = Views/YNItemCell.m; sourceTree = "<group>"; };
		95895D251AFB0F6100BE7D2E /* YNImageStore.h */ = {isa = PBXFileReference; fileEncoding = 4; lastKnownFileType = sourcecode.c.h; name = YNImageStore.h; path = Model/YNImageStore.h; sourceTree = "<group>"; };
		95895D261AFB0F6100BE7D2E /* YNImageStore.m */ = {isa = PBXFileReference; fileEncoding = 4; lastKnownFileType = sourcecode.c.objc; name = YNImageStore.m; path = Model/YNImageStore.m; sourceTree = "<group>"; };
		958B297E1AFEE9CC00815154 /* FXBlurView.h */ = {isa = PBXFileReference; fileEncoding = 4; lastKnownFileType = sourcecode.c.h; name = FXBlurView.h; path = Vendor/FXBlurView/FXBlurView.h; sourceTree = "<group>"; };
		958B297F1AFEE9CC00815154 /* FXBlurView.m */ = {isa = PBXFileReference; fileEncoding = 4; lastKnownFileType = sourcecode.c.objc; name = FXBlurView.m; path = Vendor/FXBlurView/FXBlurView.m; sourceTree = "<group>"; };
		95A6E55B1AFDBBC500071561 /* YNCollectionCell.h */ = {isa = PBXFileReference; fileEncoding = 4; lastKnownFileType = sourcecode.c.h; name = YNCollectionCell.h; path = Views/YNCollectionCell.h; sourceTree = "<group>"; };
		95A6E55C1AFDBBC500071561 /* YNCollectionCell.m */ = {isa = PBXFileReference; fileEncoding = 4; lastKnownFileType = sourcecode.c.objc; name = YNCollectionCell.m; path = Views/YNCollectionCell.m; sourceTree = "<group>"; };
		95AEE8651B06CD0E00C477EB /* YNItemSearchViewController.h */ = {isa = PBXFileReference; fileEncoding = 4; lastKnownFileType = sourcecode.c.h; name = YNItemSearchViewController.h; path = Controllers/YNItemSearchViewController.h; sourceTree = "<group>"; };
		95AEE8661B06CD0E00C477EB /* YNItemSearchViewController.m */ = {isa = PBXFileReference; fileEncoding = 4; lastKnownFileType = sourcecode.c.objc; name = YNItemSearchViewController.m; path = Controllers/YNItemSearchViewController.m; sourceTree = "<group>"; };
		95AEE8751B072A1B00C477EB /* HSDatePickerViewController.h */ = {isa = PBXFileReference; fileEncoding = 4; lastKnownFileType = sourcecode.c.h; path = HSDatePickerViewController.h; sourceTree = "<group>"; };
		95AEE8761B072A1B00C477EB /* HSDatePickerViewController.m */ = {isa = PBXFileReference; fileEncoding = 4; lastKnownFileType = sourcecode.c.objc; path = HSDatePickerViewController.m; sourceTree = "<group>"; };
		95AEE8771B072A1B00C477EB /* HSDatePickerViewController.xib */ = {isa = PBXFileReference; fileEncoding = 4; lastKnownFileType = file.xib; path = HSDatePickerViewController.xib; sourceTree = "<group>"; };
		95E5D63F1B0C7CC500E75339 /* YNItemDetailViewController.xib */ = {isa = PBXFileReference; fileEncoding = 4; lastKnownFileType = file.xib; path = YNItemDetailViewController.xib; sourceTree = "<group>"; };
		95EC8A8F1AFF69CE00C68D2B /* YNItemEditViewController.h */ = {isa = PBXFileReference; fileEncoding = 4; lastKnownFileType = sourcecode.c.h; name = YNItemEditViewController.h; path = Controllers/YNItemEditViewController.h; sourceTree = "<group>"; };
		95EC8A901AFF69CE00C68D2B /* YNItemEditViewController.m */ = {isa = PBXFileReference; fileEncoding = 4; lastKnownFileType = sourcecode.c.objc; name = YNItemEditViewController.m; path = Controllers/YNItemEditViewController.m; sourceTree = "<group>"; };
/* End PBXFileReference section */

/* Begin PBXFrameworksBuildPhase section */
		957DC3091AF99FF600DA8D6A /* Frameworks */ = {
			isa = PBXFrameworksBuildPhase;
			buildActionMask = 2147483647;
			files = (
			);
			runOnlyForDeploymentPostprocessing = 0;
		};
		957DC3221AF99FF600DA8D6A /* Frameworks */ = {
			isa = PBXFrameworksBuildPhase;
			buildActionMask = 2147483647;
			files = (
			);
			runOnlyForDeploymentPostprocessing = 0;
		};
/* End PBXFrameworksBuildPhase section */

/* Begin PBXGroup section */
		953438441B04C966001859D7 /* Item */ = {
			isa = PBXGroup;
			children = (
				95EC8A8F1AFF69CE00C68D2B /* YNItemEditViewController.h */,
				95EC8A901AFF69CE00C68D2B /* YNItemEditViewController.m */,
				95AEE8651B06CD0E00C477EB /* YNItemSearchViewController.h */,
				95AEE8661B06CD0E00C477EB /* YNItemSearchViewController.m */,
				956768721B09A20800426993 /* YNItemDetailViewController.h */,
				956768731B09A20800426993 /* YNItemDetailViewController.m */,
			);
			name = Item;
			sourceTree = "<group>";
		};
		955CF4D71AF9B9D300C8BBE6 /* Controllers */ = {
			isa = PBXGroup;
			children = (
				95EC8A8E1AFF697A00C68D2B /* TabBar */,
				953438441B04C966001859D7 /* Item */,
			);
			name = Controllers;
			sourceTree = "<group>";
		};
		955CF4D81AF9C00E00C8BBE6 /* Vendor */ = {
			isa = PBXGroup;
			children = (
				95AEE8741B072A1B00C477EB /* HSDatePickerViewController */,
				958B29811AFEE9D700815154 /* FXBlurView */,
				95895D281AFB1ABD00BE7D2E /* PureLayout */,
				955CF4E21AF9C07600C8BBE6 /* RDVTabController */,
			);
			name = Vendor;
			sourceTree = "<group>";
		};
		955CF4E21AF9C07600C8BBE6 /* RDVTabController */ = {
			isa = PBXGroup;
			children = (
				955CF4D91AF9C06D00C8BBE6 /* RDVTabBar.h */,
				955CF4DA1AF9C06D00C8BBE6 /* RDVTabBar.m */,
				955CF4DB1AF9C06D00C8BBE6 /* RDVTabBarController.h */,
				955CF4DC1AF9C06D00C8BBE6 /* RDVTabBarController.m */,
				955CF4DD1AF9C06D00C8BBE6 /* RDVTabBarItem.h */,
				955CF4DE1AF9C06D00C8BBE6 /* RDVTabBarItem.m */,
			);
			name = RDVTabController;
			sourceTree = "<group>";
		};
		955CF4F81AFA103900C8BBE6 /* Util */ = {
			isa = PBXGroup;
			children = (
				955CF4F91AFA104400C8BBE6 /* OC_Category */,
			);
			name = Util;
			sourceTree = "<group>";
		};
		955CF4F91AFA104400C8BBE6 /* OC_Category */ = {
			isa = PBXGroup;
			children = (
				955CF4FA1AFA107500C8BBE6 /* UINavigationController+StatusBar.h */,
				955CF4FB1AFA107500C8BBE6 /* UINavigationController+StatusBar.m */,
			);
			name = OC_Category;
			sourceTree = "<group>";
		};
		957DC3031AF99FF600DA8D6A = {
			isa = PBXGroup;
			children = (
				957DC30E1AF99FF600DA8D6A /* YoNote */,
				957DC3281AF99FF600DA8D6A /* YoNoteTests */,
				957DC30D1AF99FF600DA8D6A /* Products */,
			);
			sourceTree = "<group>";
		};
		957DC30D1AF99FF600DA8D6A /* Products */ = {
			isa = PBXGroup;
			children = (
				957DC30C1AF99FF600DA8D6A /* YoNote.app */,
				957DC3251AF99FF600DA8D6A /* YoNoteTests.xctest */,
			);
			name = Products;
			sourceTree = "<group>";
		};
		957DC30E1AF99FF600DA8D6A /* YoNote */ = {
			isa = PBXGroup;
			children = (
				957DC3131AF99FF600DA8D6A /* AppDelegate.h */,
				957DC3141AF99FF600DA8D6A /* AppDelegate.m */,
				95895D241AFB0F3B00BE7D2E /* Model */,
				95895D181AFA610B00BE7D2E /* Views */,
				955CF4D71AF9B9D300C8BBE6 /* Controllers */,
				955CF4D81AF9C00E00C8BBE6 /* Vendor */,
				955CF4F81AFA103900C8BBE6 /* Util */,
				957DC30F1AF99FF600DA8D6A /* Supporting Files */,
			);
			path = YoNote;
			sourceTree = "<group>";
		};
		957DC30F1AF99FF600DA8D6A /* Supporting Files */ = {
			isa = PBXGroup;
			children = (
				957DC31C1AF99FF600DA8D6A /* Images.xcassets */,
				957DC31E1AF99FF600DA8D6A /* LaunchScreen.xib */,
				957DC3101AF99FF600DA8D6A /* Info.plist */,
				957DC3111AF99FF600DA8D6A /* main.m */,
				957DC3351AF9A25B00DA8D6A /* YoNote-Prefix.pch */,
			);
			name = "Supporting Files";
			sourceTree = "<group>";
		};
		957DC3281AF99FF600DA8D6A /* YoNoteTests */ = {
			isa = PBXGroup;
			children = (
				957DC32B1AF99FF600DA8D6A /* YoNoteTests.m */,
				957DC3291AF99FF600DA8D6A /* Supporting Files */,
			);
			path = YoNoteTests;
			sourceTree = "<group>";
		};
		957DC3291AF99FF600DA8D6A /* Supporting Files */ = {
			isa = PBXGroup;
			children = (
				957DC32A1AF99FF600DA8D6A /* Info.plist */,
			);
			name = "Supporting Files";
			sourceTree = "<group>";
		};
		95895D181AFA610B00BE7D2E /* Views */ = {
			isa = PBXGroup;
			children = (
				95AEE8581B05D18100C477EB /* cell */,
				95AEE87D1B0898F700C477EB /* toolbar */,
				95E5D63F1B0C7CC500E75339 /* YNItemDetailViewController.xib */,
			);
			name = Views;
			sourceTree = "<group>";
		};
		95895D241AFB0F3B00BE7D2E /* Model */ = {
			isa = PBXGroup;
			children = (
				95895D251AFB0F6100BE7D2E /* YNImageStore.h */,
				95895D261AFB0F6100BE7D2E /* YNImageStore.m */,
			);
			name = Model;
			sourceTree = "<group>";
		};
		95895D281AFB1ABD00BE7D2E /* PureLayout */ = {
			isa = PBXGroup;
			children = (
				95863CA11AFDA83C00C31E2D /* PureLayoutDefines.h */,
				95863CA21AFDA83C00C31E2D /* PureLayout+Internal.h */,
				95863CA31AFDA83C00C31E2D /* PureLayout.h */,
				95863CA41AFDA83C00C31E2D /* NSLayoutConstraint+PureLayout.m */,
				95863CA51AFDA83C00C31E2D /* NSLayoutConstraint+PureLayout.h */,
				95863CA61AFDA83C00C31E2D /* NSArray+PureLayout.m */,
				95863CA71AFDA83C00C31E2D /* NSArray+PureLayout.h */,
				95863CA81AFDA83C00C31E2D /* ALView+PureLayout.m */,
				95863CA91AFDA83C00C31E2D /* ALView+PureLayout.h */,
			);
			name = PureLayout;
			sourceTree = "<group>";
		};
		958B29811AFEE9D700815154 /* FXBlurView */ = {
			isa = PBXGroup;
			children = (
				958B297E1AFEE9CC00815154 /* FXBlurView.h */,
				958B297F1AFEE9CC00815154 /* FXBlurView.m */,
			);
			name = FXBlurView;
			sourceTree = "<group>";
		};
		95AEE8581B05D18100C477EB /* cell */ = {
			isa = PBXGroup;
			children = (
				95895D1F1AFB04E500BE7D2E /* YNItemCell.h */,
				95895D201AFB04E500BE7D2E /* YNItemCell.m */,
				95A6E55B1AFDBBC500071561 /* YNCollectionCell.h */,
				95A6E55C1AFDBBC500071561 /* YNCollectionCell.m */,
			);
			name = cell;
			sourceTree = "<group>";
		};
		95AEE8741B072A1B00C477EB /* HSDatePickerViewController */ = {
			isa = PBXGroup;
			children = (
				95AEE8751B072A1B00C477EB /* HSDatePickerViewController.h */,
				95AEE8761B072A1B00C477EB /* HSDatePickerViewController.m */,
				95AEE8771B072A1B00C477EB /* HSDatePickerViewController.xib */,
			);
			name = HSDatePickerViewController;
			path = Vendor/HSDatePickerViewController;
			sourceTree = "<group>";
		};
		95AEE87D1B0898F700C477EB /* toolbar */ = {
			isa = PBXGroup;
			children = (
				953438491B04D0B1001859D7 /* YNItemEditToolbar.h */,
				953438481B04D0B1001859D7 /* YNItemEdiToolbar.m */,
				9534383F1B01EF74001859D7 /* YNItemEditToolbar.xib */,
			);
			name = toolbar;
			sourceTree = "<group>";
		};
		95EC8A8E1AFF697A00C68D2B /* TabBar */ = {
			isa = PBXGroup;
			children = (
				955CF4D41AF9B9CC00C8BBE6 /* YNBaseViewController.h */,
				955CF4D51AF9B9CC00C8BBE6 /* YNBaseViewController.m */,
				955CF4F51AFA038C00C8BBE6 /* YNBaseNavigationController.h */,
				955CF4F61AFA038C00C8BBE6 /* YNBaseNavigationController.m */,
				955CF4E31AF9C0AC00C8BBE6 /* YNRootTabViewController.h */,
				955CF4E41AF9C0AC00C8BBE6 /* YNRootTabViewController.m */,
				955CF4E61AF9C21B00C8BBE6 /* YNItemsViewController.h */,
				955CF4E71AF9C21B00C8BBE6 /* YNItemsViewController.m */,
				955CF4EF1AF9C2CA00C8BBE6 /* YNCollectionsViewController.h */,
				955CF4F01AF9C2CA00C8BBE6 /* YNCollectionsViewController.m */,
				955CF4EC1AF9C2B400C8BBE6 /* YNTagsViewController.h */,
				955CF4ED1AF9C2B400C8BBE6 /* YNTagsViewController.m */,
				955CF4F21AF9C2DF00C8BBE6 /* YNSettingsViewController.h */,
				955CF4F31AF9C2DF00C8BBE6 /* YNSettingsViewController.m */,
			);
			name = TabBar;
			sourceTree = "<group>";
		};
/* End PBXGroup section */

/* Begin PBXNativeTarget section */
		957DC30B1AF99FF600DA8D6A /* YoNote */ = {
			isa = PBXNativeTarget;
			buildConfigurationList = 957DC32F1AF99FF600DA8D6A /* Build configuration list for PBXNativeTarget "YoNote" */;
			buildPhases = (
				957DC3081AF99FF600DA8D6A /* Sources */,
				957DC3091AF99FF600DA8D6A /* Frameworks */,
				957DC30A1AF99FF600DA8D6A /* Resources */,
			);
			buildRules = (
			);
			dependencies = (
			);
			name = YoNote;
			productName = YoNote;
			productReference = 957DC30C1AF99FF600DA8D6A /* YoNote.app */;
			productType = "com.apple.product-type.application";
		};
		957DC3241AF99FF600DA8D6A /* YoNoteTests */ = {
			isa = PBXNativeTarget;
			buildConfigurationList = 957DC3321AF99FF600DA8D6A /* Build configuration list for PBXNativeTarget "YoNoteTests" */;
			buildPhases = (
				957DC3211AF99FF600DA8D6A /* Sources */,
				957DC3221AF99FF600DA8D6A /* Frameworks */,
				957DC3231AF99FF600DA8D6A /* Resources */,
			);
			buildRules = (
			);
			dependencies = (
				957DC3271AF99FF600DA8D6A /* PBXTargetDependency */,
			);
			name = YoNoteTests;
			productName = YoNoteTests;
			productReference = 957DC3251AF99FF600DA8D6A /* YoNoteTests.xctest */;
			productType = "com.apple.product-type.bundle.unit-test";
		};
/* End PBXNativeTarget section */

/* Begin PBXProject section */
		957DC3041AF99FF600DA8D6A /* Project object */ = {
			isa = PBXProject;
			attributes = {
				LastUpgradeCheck = 0630;
				ORGANIZATIONNAME = Zchan;
				TargetAttributes = {
					957DC30B1AF99FF600DA8D6A = {
						CreatedOnToolsVersion = 6.3.1;
					};
					957DC3241AF99FF600DA8D6A = {
						CreatedOnToolsVersion = 6.3.1;
						TestTargetID = 957DC30B1AF99FF600DA8D6A;
					};
				};
			};
			buildConfigurationList = 957DC3071AF99FF600DA8D6A /* Build configuration list for PBXProject "YoNote" */;
			compatibilityVersion = "Xcode 3.2";
			developmentRegion = English;
			hasScannedForEncodings = 0;
			knownRegions = (
				en,
				Base,
			);
			mainGroup = 957DC3031AF99FF600DA8D6A;
			productRefGroup = 957DC30D1AF99FF600DA8D6A /* Products */;
			projectDirPath = "";
			projectRoot = "";
			targets = (
				957DC30B1AF99FF600DA8D6A /* YoNote */,
				957DC3241AF99FF600DA8D6A /* YoNoteTests */,
			);
		};
/* End PBXProject section */

/* Begin PBXResourcesBuildPhase section */
		957DC30A1AF99FF600DA8D6A /* Resources */ = {
			isa = PBXResourcesBuildPhase;
			buildActionMask = 2147483647;
			files = (
				953438401B01EF74001859D7 /* YNItemEditToolbar.xib in Resources */,
				95AEE8791B072A1B00C477EB /* HSDatePickerViewController.xib in Resources */,
				957DC3201AF99FF600DA8D6A /* LaunchScreen.xib in Resources */,
				95E5D6401B0C7CC500E75339 /* YNItemDetailViewController.xib in Resources */,
				957DC31D1AF99FF600DA8D6A /* Images.xcassets in Resources */,
			);
			runOnlyForDeploymentPostprocessing = 0;
		};
		957DC3231AF99FF600DA8D6A /* Resources */ = {
			isa = PBXResourcesBuildPhase;
			buildActionMask = 2147483647;
			files = (
			);
			runOnlyForDeploymentPostprocessing = 0;
		};
/* End PBXResourcesBuildPhase section */

/* Begin PBXSourcesBuildPhase section */
		957DC3081AF99FF600DA8D6A /* Sources */ = {
			isa = PBXSourcesBuildPhase;
			buildActionMask = 2147483647;
			files = (
				955CF4F41AF9C2DF00C8BBE6 /* YNSettingsViewController.m in Sources */,
				955CF4FC1AFA107500C8BBE6 /* UINavigationController+StatusBar.m in Sources */,
				957DC3151AF99FF600DA8D6A /* AppDelegate.m in Sources */,
				95863CAA1AFDA83C00C31E2D /* NSLayoutConstraint+PureLayout.m in Sources */,
				955CF4E01AF9C06D00C8BBE6 /* RDVTabBarController.m in Sources */,
				955CF4E81AF9C21B00C8BBE6 /* YNItemsViewController.m in Sources */,
				955CF4D61AF9B9CC00C8BBE6 /* YNBaseViewController.m in Sources */,
				95863CAB1AFDA83C00C31E2D /* NSArray+PureLayout.m in Sources */,
				9534384A1B04D0B1001859D7 /* YNItemEdiToolbar.m in Sources */,
				955CF4E51AF9C0AC00C8BBE6 /* YNRootTabViewController.m in Sources */,
				95895D211AFB04E500BE7D2E /* YNItemCell.m in Sources */,
				955CF4DF1AF9C06D00C8BBE6 /* RDVTabBar.m in Sources */,
				955CF4EE1AF9C2B400C8BBE6 /* YNTagsViewController.m in Sources */,
				956768741B09A20800426993 /* YNItemDetailViewController.m in Sources */,
				95AEE8781B072A1B00C477EB /* HSDatePickerViewController.m in Sources */,
				955CF4F11AF9C2CA00C8BBE6 /* YNCollectionsViewController.m in Sources */,
				95863CAC1AFDA83C00C31E2D /* ALView+PureLayout.m in Sources */,
				955CF4F71AFA038C00C8BBE6 /* YNBaseNavigationController.m in Sources */,
				95EC8A911AFF69CE00C68D2B /* YNItemEditViewController.m in Sources */,
				95AEE8671B06CD0E00C477EB /* YNItemSearchViewController.m in Sources */,
				957DC3121AF99FF600DA8D6A /* main.m in Sources */,
				95895D271AFB0F6100BE7D2E /* YNImageStore.m in Sources */,
				958B29801AFEE9CC00815154 /* FXBlurView.m in Sources */,
				95A6E55D1AFDBBC500071561 /* YNCollectionCell.m in Sources */,
				955CF4E11AF9C06D00C8BBE6 /* RDVTabBarItem.m in Sources */,
			);
			runOnlyForDeploymentPostprocessing = 0;
		};
		957DC3211AF99FF600DA8D6A /* Sources */ = {
			isa = PBXSourcesBuildPhase;
			buildActionMask = 2147483647;
			files = (
				957DC32C1AF99FF600DA8D6A /* YoNoteTests.m in Sources */,
			);
			runOnlyForDeploymentPostprocessing = 0;
		};
/* End PBXSourcesBuildPhase section */

/* Begin PBXTargetDependency section */
		957DC3271AF99FF600DA8D6A /* PBXTargetDependency */ = {
			isa = PBXTargetDependency;
			target = 957DC30B1AF99FF600DA8D6A /* YoNote */;
			targetProxy = 957DC3261AF99FF600DA8D6A /* PBXContainerItemProxy */;
		};
/* End PBXTargetDependency section */

/* Begin PBXVariantGroup section */
		957DC31E1AF99FF600DA8D6A /* LaunchScreen.xib */ = {
			isa = PBXVariantGroup;
			children = (
				957DC31F1AF99FF600DA8D6A /* Base */,
			);
			name = LaunchScreen.xib;
			sourceTree = "<group>";
		};
/* End PBXVariantGroup section */

/* Begin XCBuildConfiguration section */
		957DC32D1AF99FF600DA8D6A /* Debug */ = {
			isa = XCBuildConfiguration;
			buildSettings = {
				ALWAYS_SEARCH_USER_PATHS = NO;
				CLANG_CXX_LANGUAGE_STANDARD = "gnu++0x";
				CLANG_CXX_LIBRARY = "libc++";
				CLANG_ENABLE_MODULES = YES;
				CLANG_ENABLE_OBJC_ARC = YES;
				CLANG_WARN_BOOL_CONVERSION = YES;
				CLANG_WARN_CONSTANT_CONVERSION = YES;
				CLANG_WARN_DIRECT_OBJC_ISA_USAGE = YES_ERROR;
				CLANG_WARN_EMPTY_BODY = YES;
				CLANG_WARN_ENUM_CONVERSION = YES;
				CLANG_WARN_INT_CONVERSION = YES;
				CLANG_WARN_OBJC_ROOT_CLASS = YES_ERROR;
				CLANG_WARN_UNREACHABLE_CODE = YES;
				CLANG_WARN__DUPLICATE_METHOD_MATCH = YES;
				"CODE_SIGN_IDENTITY[sdk=iphoneos*]" = "iPhone Developer";
				COPY_PHASE_STRIP = NO;
				DEBUG_INFORMATION_FORMAT = "dwarf-with-dsym";
				ENABLE_STRICT_OBJC_MSGSEND = YES;
				GCC_C_LANGUAGE_STANDARD = gnu99;
				GCC_DYNAMIC_NO_PIC = NO;
				GCC_NO_COMMON_BLOCKS = YES;
				GCC_OPTIMIZATION_LEVEL = 0;
				GCC_PREPROCESSOR_DEFINITIONS = (
					"DEBUG=1",
					"$(inherited)",
				);
				GCC_SYMBOLS_PRIVATE_EXTERN = NO;
				GCC_WARN_64_TO_32_BIT_CONVERSION = YES;
				GCC_WARN_ABOUT_RETURN_TYPE = YES_ERROR;
				GCC_WARN_UNDECLARED_SELECTOR = YES;
				GCC_WARN_UNINITIALIZED_AUTOS = YES_AGGRESSIVE;
				GCC_WARN_UNUSED_FUNCTION = YES;
				GCC_WARN_UNUSED_VARIABLE = YES;
				IPHONEOS_DEPLOYMENT_TARGET = 8.3;
				MTL_ENABLE_DEBUG_INFO = YES;
				ONLY_ACTIVE_ARCH = YES;
				SDKROOT = iphoneos;
				TARGETED_DEVICE_FAMILY = "1,2";
			};
			name = Debug;
		};
		957DC32E1AF99FF600DA8D6A /* Release */ = {
			isa = XCBuildConfiguration;
			buildSettings = {
				ALWAYS_SEARCH_USER_PATHS = NO;
				CLANG_CXX_LANGUAGE_STANDARD = "gnu++0x";
				CLANG_CXX_LIBRARY = "libc++";
				CLANG_ENABLE_MODULES = YES;
				CLANG_ENABLE_OBJC_ARC = YES;
				CLANG_WARN_BOOL_CONVERSION = YES;
				CLANG_WARN_CONSTANT_CONVERSION = YES;
				CLANG_WARN_DIRECT_OBJC_ISA_USAGE = YES_ERROR;
				CLANG_WARN_EMPTY_BODY = YES;
				CLANG_WARN_ENUM_CONVERSION = YES;
				CLANG_WARN_INT_CONVERSION = YES;
				CLANG_WARN_OBJC_ROOT_CLASS = YES_ERROR;
				CLANG_WARN_UNREACHABLE_CODE = YES;
				CLANG_WARN__DUPLICATE_METHOD_MATCH = YES;
				"CODE_SIGN_IDENTITY[sdk=iphoneos*]" = "iPhone Developer";
				COPY_PHASE_STRIP = NO;
				DEBUG_INFORMATION_FORMAT = "dwarf-with-dsym";
				ENABLE_NS_ASSERTIONS = NO;
				ENABLE_STRICT_OBJC_MSGSEND = YES;
				GCC_C_LANGUAGE_STANDARD = gnu99;
				GCC_NO_COMMON_BLOCKS = YES;
				GCC_WARN_64_TO_32_BIT_CONVERSION = YES;
				GCC_WARN_ABOUT_RETURN_TYPE = YES_ERROR;
				GCC_WARN_UNDECLARED_SELECTOR = YES;
				GCC_WARN_UNINITIALIZED_AUTOS = YES_AGGRESSIVE;
				GCC_WARN_UNUSED_FUNCTION = YES;
				GCC_WARN_UNUSED_VARIABLE = YES;
				IPHONEOS_DEPLOYMENT_TARGET = 8.3;
				MTL_ENABLE_DEBUG_INFO = NO;
				SDKROOT = iphoneos;
				TARGETED_DEVICE_FAMILY = "1,2";
				VALIDATE_PRODUCT = YES;
			};
			name = Release;
		};
		957DC3301AF99FF600DA8D6A /* Debug */ = {
			isa = XCBuildConfiguration;
			buildSettings = {
				ASSETCATALOG_COMPILER_APPICON_NAME = AppIcon;
				GCC_PREFIX_HEADER = "YoNote/YoNote-Prefix.pch";
				INFOPLIST_FILE = YoNote/Info.plist;
				LD_RUNPATH_SEARCH_PATHS = "$(inherited) @executable_path/Frameworks";
				PRODUCT_NAME = "$(TARGET_NAME)";
			};
			name = Debug;
		};
		957DC3311AF99FF600DA8D6A /* Release */ = {
			isa = XCBuildConfiguration;
			buildSettings = {
				ASSETCATALOG_COMPILER_APPICON_NAME = AppIcon;
				GCC_PREFIX_HEADER = "YoNote/YoNote-Prefix.pch";
				INFOPLIST_FILE = YoNote/Info.plist;
				LD_RUNPATH_SEARCH_PATHS = "$(inherited) @executable_path/Frameworks";
				PRODUCT_NAME = "$(TARGET_NAME)";
			};
			name = Release;
		};
		957DC3331AF99FF600DA8D6A /* Debug */ = {
			isa = XCBuildConfiguration;
			buildSettings = {
				BUNDLE_LOADER = "$(TEST_HOST)";
				FRAMEWORK_SEARCH_PATHS = (
					"$(SDKROOT)/Developer/Library/Frameworks",
					"$(inherited)",
				);
				GCC_PREPROCESSOR_DEFINITIONS = (
					"DEBUG=1",
					"$(inherited)",
				);
				INFOPLIST_FILE = YoNoteTests/Info.plist;
				LD_RUNPATH_SEARCH_PATHS = "$(inherited) @executable_path/Frameworks @loader_path/Frameworks";
				PRODUCT_NAME = "$(TARGET_NAME)";
				TEST_HOST = "$(BUILT_PRODUCTS_DIR)/YoNote.app/YoNote";
			};
			name = Debug;
		};
		957DC3341AF99FF600DA8D6A /* Release */ = {
			isa = XCBuildConfiguration;
			buildSettings = {
				BUNDLE_LOADER = "$(TEST_HOST)";
				FRAMEWORK_SEARCH_PATHS = (
					"$(SDKROOT)/Developer/Library/Frameworks",
					"$(inherited)",
				);
				INFOPLIST_FILE = YoNoteTests/Info.plist;
				LD_RUNPATH_SEARCH_PATHS = "$(inherited) @executable_path/Frameworks @loader_path/Frameworks";
				PRODUCT_NAME = "$(TARGET_NAME)";
				TEST_HOST = "$(BUILT_PRODUCTS_DIR)/YoNote.app/YoNote";
			};
			name = Release;
		};
/* End XCBuildConfiguration section */

/* Begin XCConfigurationList section */
		957DC3071AF99FF600DA8D6A /* Build configuration list for PBXProject "YoNote" */ = {
			isa = XCConfigurationList;
			buildConfigurations = (
				957DC32D1AF99FF600DA8D6A /* Debug */,
				957DC32E1AF99FF600DA8D6A /* Release */,
			);
			defaultConfigurationIsVisible = 0;
			defaultConfigurationName = Release;
		};
		957DC32F1AF99FF600DA8D6A /* Build configuration list for PBXNativeTarget "YoNote" */ = {
			isa = XCConfigurationList;
			buildConfigurations = (
				957DC3301AF99FF600DA8D6A /* Debug */,
				957DC3311AF99FF600DA8D6A /* Release */,
			);
			defaultConfigurationIsVisible = 0;
			defaultConfigurationName = Release;
		};
		957DC3321AF99FF600DA8D6A /* Build configuration list for PBXNativeTarget "YoNoteTests" */ = {
			isa = XCConfigurationList;
			buildConfigurations = (
				957DC3331AF99FF600DA8D6A /* Debug */,
				957DC3341AF99FF600DA8D6A /* Release */,
			);
			defaultConfigurationIsVisible = 0;
			defaultConfigurationName = Release;
		};
/* End XCConfigurationList section */
	};
	rootObject = 957DC3041AF99FF600DA8D6A /* Project object */;
}
